<Solution>
  <Folder Name="/src/">
    <Project Path="src/Contacts.Api/Contacts.Api.csproj" />
    <Project Path="src/Contacts.Application/Contacts.Application.csproj" />
    <Project Path="src/Contacts.Domain/Contacts.Domain.csproj" />
    <Project Path="src/Contacts.Infrastructure/Contacts.Infrastructure.csproj" />
  </Folder>
  <Folder Name="/tests/">
    <Project Path="tests/Contacts.Application.Tests/Contacts.Application.Tests.csproj" />
    <Project Path="tests/Contacts.Domain.Tests/Contacts.Domain.Tests.csproj" />
  </Folder>
</Solution>
